{"name":"stock-signal-dashboard","version":"0.1.0","lockfileVersion":3,"requires":true,"packages":{"":{"name":"stock-signal-dashboard","version":"0.1.0","dependencies":{"@supabase/supabase-js":"^2.49.1","next":"^15.5.27","react":"^19.0.0","react-dom":"^19.0.0"},"devDependencies":{"@types/node":"^22.10.5","@types/react":"^19.0.2","@types/react-dom":"^19.0.2","eslint":"^9.17.0","eslint-config-next":"^15.5.27","postcss":"^8.5.29","tailwindcss":"^3.4.17","typescript":"^5.7.2","vitest":"^3.2.7"}},"node_modules/braces":{"resolved":"vendor/braces","link":true},"node_modules/next":{"version":"15.5.27","resolved":"https://registry.npmjs.org/next/-/next-15.5.27.tgz","integrity":"sha512-F82CrlPZ8GRxBH9RIIoR3qU1t5RT3dv1K8moe8SjlDEquiFipvEI13R1Om90TaUOEwShkWCMlg8+gvTNzfMhvg==","license":"MIT"},"node_modules/postcss":{"version":"8.5.29","resolved":"https://registry.npmjs.org/postcss/-/postcss-8.5.29.tgz","integrity":"sha512-49cGhUbXj8Qenv0iTMxA1cFBzxXoctpC9Ujd77t1WcbJIr6nF/eI7g/8MgxrYldFRuAXvja7xQRwavoW7kgrxQ==","license":"MIT"},"vendor/braces":{"version":"3.0.4","dev":true,"license":"MIT","dependencies":{"fill-range":"^7.1.1"}}}}